// !$*UTF8*$!
{
	archiveVersion = 1;
	classes = {
	};
	objectVersion = 46;
	objects = {

/* Begin PBXBuildFile section */
		A27C975D075B68C69CCEF581 /* libPods-RCTMqtt.a in Frameworks */ = {isa = PBXBuildFile; fileRef = 38D565322085791386CB3A58 /* libPods-RCTMqtt.a */; };
		FF7A9D4E1C64788B006743BA /* RCTMqtt.m in Sources */ = {isa = PBXBuildFile; fileRef = FF7A9D4C1C64788B006743BA /* RCTMqtt.m */; };
		FFAB5A541C6F7A3C00B4953D /* Mqtt.m in Sources */ = {isa = PBXBuildFile; fileRef = FFAB5A531C6F7A3C00B4953D /* Mqtt.m */; };
/* End PBXBuildFile section */

/* Begin PBXCopyFilesBuildPhase section */
		FF7A9D3E1C64785B006743BA /* CopyFiles */ = {
			isa = PBXCopyFilesBuildPhase;
			buildActionMask = 2147483647;
			dstPath = "include/$(PRODUCT_NAME)";
			dstSubfolderSpec = 16;
			files = (
			);
			runOnlyForDeploymentPostprocessing = 0;
		};
/* End PBXCopyFilesBuildPhase section */

/* Begin PBXFileReference section */
		14CEB2162807F5920035D646 /* Podfile */ = {isa = PBXFileReference; lastKnownFileType = text; path = Podfile; sourceTree = "<group>"; xcLanguageSpecificationIdentifier = xcode.lang.ruby; };
		38D565322085791386CB3A58 /* libPods-RCTMqtt.a */ = {isa = PBXFileReference; explicitFileType = archive.ar; includeInIndex = 0; path = "libPods-RCTMqtt.a"; sourceTree = BUILT_PRODUCTS_DIR; };
		3F3DBF0B9527146497FF27E3 /* Pods-RCTMqtt.release.xcconfig */ = {isa = PBXFileReference; includeInIndex = 1; lastKnownFileType = text.xcconfig; name = "Pods-RCTMqtt.release.xcconfig"; path = "Pods/Target Support Files/Pods-RCTMqtt/Pods-RCTMqtt.release.xcconfig"; sourceTree = "<group>"; };
		6216C4E132BF21BB407435DF /* Pods.release.xcconfig */ = {isa = PBXFileReference; includeInIndex = 1; lastKnownFileType = text.xcconfig; name = Pods.release.xcconfig; path = "Pods/Target Support Files/Pods/Pods.release.xcconfig"; sourceTree = "<group>"; };
		B9899CBF69418BB060CBA6A4 /* Pods.debug.xcconfig */ = {isa = PBXFileReference; includeInIndex = 1; lastKnownFileType = text.xcconfig; name = Pods.debug.xcconfig; path = "Pods/Target Support Files/Pods/Pods.debug.xcconfig"; sourceTree = "<group>"; };
		FE53985D3C89C7C12EF8FDFF /* Pods-RCTMqtt.debug.xcconfig */ = {isa = PBXFileReference; includeInIndex = 1; lastKnownFileType = text.xcconfig; name = "Pods-RCTMqtt.debug.xcconfig"; path = "Pods/Target Support Files/Pods-RCTMqtt/Pods-RCTMqtt.debug.xcconfig"; sourceTree = "<group>"; };
		FF7A9D401C64785B006743BA /* libRCTMqtt.a */ = {isa = PBXFileReference; explicitFileType = archive.ar; includeInIndex = 0; path = libRCTMqtt.a; sourceTree = BUILT_PRODUCTS_DIR; };
		FF7A9D4C1C64788B006743BA /* RCTMqtt.m */ = {isa = PBXFileReference; fileEncoding = 4; lastKnownFileType = sourcecode.c.objc; path = RCTMqtt.m; sourceTree = "<group>"; };
		FF7A9D4D1C64788B006743BA /* RCTMqtt.h */ = {isa = PBXFileReference; fileEncoding = 4; lastKnownFileType = sourcecode.c.h; path = RCTMqtt.h; sourceTree = "<group>"; };
		FFAB5A531C6F7A3C00B4953D /* Mqtt.m */ = {isa = PBXFileReference; fileEncoding = 4; lastKnownFileType = sourcecode.c.objc; path = Mqtt.m; sourceTree = "<group>"; };
		FFAB5A561C702CA500B4953D /* Mqtt.h */ = {isa = PBXFileReference; lastKnownFileType = sourcecode.c.h; path = Mqtt.h; sourceTree = "<group>"; };
/* End PBXFileReference section */

/* Begin PBXFrameworksBuildPhase section */
		FF7A9D3D1C64785B006743BA /* Frameworks */ = {
			isa = PBXFrameworksBuildPhase;
			buildActionMask = 2147483647;
			files = (
				A27C975D075B68C69CCEF581 /* libPods-RCTMqtt.a in Frameworks */,
			);
			runOnlyForDeploymentPostprocessing = 0;
		};
/* End PBXFrameworksBuildPhase section */

/* Begin PBXGroup section */
		1EA4FFB6633E7E226B726A7B /* Frameworks */ = {
			isa = PBXGroup;
			children = (
				38D565322085791386CB3A58 /* libPods-RCTMqtt.a */,
			);
			name = Frameworks;
			sourceTree = "<group>";
		};
		38EFACF7AB6D9C9C3D24BDCB /* Pods */ = {
			isa = PBXGroup;
			children = (
				B9899CBF69418BB060CBA6A4 /* Pods.debug.xcconfig */,
				6216C4E132BF21BB407435DF /* Pods.release.xcconfig */,
				FE53985D3C89C7C12EF8FDFF /* Pods-RCTMqtt.debug.xcconfig */,
				3F3DBF0B9527146497FF27E3 /* Pods-RCTMqtt.release.xcconfig */,
			);
			name = Pods;
			sourceTree = "<group>";
		};
		FF7A9D371C64785B006743BA = {
			isa = PBXGroup;
			children = (
				14CEB2162807F5920035D646 /* Podfile */,
				FFAB5A531C6F7A3C00B4953D /* Mqtt.m */,
				FFAB5A561C702CA500B4953D /* Mqtt.h */,
				FF7A9D4C1C64788B006743BA /* RCTMqtt.m */,
				FF7A9D4D1C64788B006743BA /* RCTMqtt.h */,
				FF7A9D411C64785B006743BA /* Products */,
				38EFACF7AB6D9C9C3D24BDCB /* Pods */,
				1EA4FFB6633E7E226B726A7B /* Frameworks */,
			);
			sourceTree = "<group>";
		};
		FF7A9D411C64785B006743BA /* Products */ = {
			isa = PBXGroup;
			children = (
				FF7A9D401C64785B006743BA /* libRCTMqtt.a */,
			);
			name = Products;
			sourceTree = "<group>";
		};
/* End PBXGroup section */

/* Begin PBXNativeTarget section */
		FF7A9D3F1C64785B006743BA /* RCTMqtt */ = {
			isa = PBXNativeTarget;
			buildConfigurationList = FF7A9D491C64785B006743BA /* Build configuration list for PBXNativeTarget "RCTMqtt" */;
			buildPhases = (
				0AF31C3A93BA677E00451464 /* [CP] Check Pods Manifest.lock */,
				8A2A2943DEA045B900795060 /* Check Pods Manifest.lock */,
				FF7A9D3C1C64785B006743BA /* Sources */,
				FF7A9D3D1C64785B006743BA /* Frameworks */,
				FF7A9D3E1C64785B006743BA /* CopyFiles */,
			);
			buildRules = (
			);
			dependencies = (
			);
			name = RCTMqtt;
			productName = RCTMqtt;
			productReference = FF7A9D401C64785B006743BA /* libRCTMqtt.a */;
			productType = "com.apple.product-type.library.static";
		};
/* End PBXNativeTarget section */

/* Begin PBXProject section */
		FF7A9D381C64785B006743BA /* Project object */ = {
			isa = PBXProject;
			attributes = {
				LastUpgradeCheck = 0720;
				ORGANIZATIONNAME = "Tuan PM";
				TargetAttributes = {
					FF7A9D3F1C64785B006743BA = {
						CreatedOnToolsVersion = 7.2;
					};
				};
			};
			buildConfigurationList = FF7A9D3B1C64785B006743BA /* Build configuration list for PBXProject "RCTMqtt" */;
			compatibilityVersion = "Xcode 3.2";
			developmentRegion = English;
			hasScannedForEncodings = 0;
			knownRegions = (
				English,
				en,
			);
			mainGroup = FF7A9D371C64785B006743BA;
			productRefGroup = FF7A9D411C64785B006743BA /* Products */;
			projectDirPath = "";
			projectRoot = "";
			targets = (
				FF7A9D3F1C64785B006743BA /* RCTMqtt */,
			);
		};
/* End PBXProject section */

/* Begin PBXShellScriptBuildPhase section */
		0AF31C3A93BA677E00451464 /* [CP] Check Pods Manifest.lock */ = {
			isa = PBXShellScriptBuildPhase;
			buildActionMask = 2147483647;
			files = (
			);
			inputFileListPaths = (
			);
			inputPaths = (
				"${PODS_PODFILE_DIR_PATH}/Podfile.lock",
				"${PODS_ROOT}/Manifest.lock",
			);
			name = "[CP] Check Pods Manifest.lock";
			outputFileListPaths = (
			);
			outputPaths = (
				"$(DERIVED_FILE_DIR)/Pods-RCTMqtt-checkManifestLockResult.txt",
			);
			runOnlyForDeploymentPostprocessing = 0;
			shellPath = /bin/sh;
			shellScript = "diff \"${PODS_PODFILE_DIR_PATH}/Podfile.lock\" \"${PODS_ROOT}/Manifest.lock\" > /dev/null\nif [ $? != 0 ] ; then\n    # print error to STDERR\n    echo \"error: The sandbox is not in sync with the Podfile.lock. Run 'pod install' or update your CocoaPods installation.\" >&2\n    exit 1\nfi\n# This output is used by Xcode 'outputs' to avoid re-running this script phase.\necho \"SUCCESS\" > \"${SCRIPT_OUTPUT_FILE_0}\"\n";
			showEnvVarsInLog = 0;
		};
		8A2A2943DEA045B900795060 /* Check Pods Manifest.lock */ = {
			isa = PBXShellScriptBuildPhase;
			buildActionMask = 2147483647;
			files = (
			);
			inputPaths = (
			);
			name = "Check Pods Manifest.lock";
			outputPaths = (
			);
			runOnlyForDeploymentPostprocessing = 0;
			shellPath = /bin/sh;
			shellScript = "diff \"${PODS_ROOT}/../Podfile.lock\" \"${PODS_ROOT}/Manifest.lock\" > /dev/null\nif [[ $? != 0 ]] ; then\n    cat << EOM\nerror: The sandbox is not in sync with the Podfile.lock. Run 'pod install' or update your CocoaPods installation.\nEOM\n    exit 1\nfi\n";
			showEnvVarsInLog = 0;
		};
/* End PBXShellScriptBuildPhase section */

/* Begin PBXSourcesBuildPhase section */
		FF7A9D3C1C64785B006743BA /* Sources */ = {
			isa = PBXSourcesBuildPhase;
			buildActionMask = 2147483647;
			files = (
				FF7A9D4E1C64788B006743BA /* RCTMqtt.m in Sources */,
				FFAB5A541C6F7A3C00B4953D /* Mqtt.m in Sources */,
			);
			runOnlyForDeploymentPostprocessing = 0;
		};
/* End PBXSourcesBuildPhase section */

/* Begin XCBuildConfiguration section */
		FF7A9D471C64785B006743BA /* Debug */ = {
			isa = XCBuildConfiguration;
			buildSettings = {
				ALWAYS_SEARCH_USER_PATHS = NO;
				CLANG_CXX_LANGUAGE_STANDARD = "gnu++0x";
				CLANG_CXX_LIBRARY = "libc++";
				CLANG_ENABLE_MODULES = YES;
				CLANG_ENABLE_OBJC_ARC = YES;
				CLANG_WARN_BOOL_CONVERSION = YES;
				CLANG_WARN_CONSTANT_CONVERSION = YES;
				CLANG_WARN_DIRECT_OBJC_ISA_USAGE = YES_ERROR;
				CLANG_WARN_EMPTY_BODY = YES;
				CLANG_WARN_ENUM_CONVERSION = YES;
				CLANG_WARN_INT_CONVERSION = YES;
				CLANG_WARN_OBJC_ROOT_CLASS = YES_ERROR;
				CLANG_WARN_UNREACHABLE_CODE = YES;
				CLANG_WARN__DUPLICATE_METHOD_MATCH = YES;
				"CODE_SIGN_IDENTITY[sdk=iphoneos*]" = "iPhone Developer";
				COPY_PHASE_STRIP = NO;
				DEBUG_INFORMATION_FORMAT = dwarf;
				ENABLE_STRICT_OBJC_MSGSEND = YES;
				ENABLE_TESTABILITY = YES;
				GCC_C_LANGUAGE_STANDARD = gnu99;
				GCC_DYNAMIC_NO_PIC = NO;
				GCC_NO_COMMON_BLOCKS = YES;
				GCC_OPTIMIZATION_LEVEL = 0;
				GCC_PREPROCESSOR_DEFINITIONS = (
					"DEBUG=1",
					"$(inherited)",
				);
				GCC_WARN_64_TO_32_BIT_CONVERSION = YES;
				GCC_WARN_ABOUT_RETURN_TYPE = YES_ERROR;
				GCC_WARN_UNDECLARED_SELECTOR = YES;
				GCC_WARN_UNINITIALIZED_AUTOS = YES_AGGRESSIVE;
				GCC_WARN_UNUSED_FUNCTION = YES;
				GCC_WARN_UNUSED_VARIABLE = YES;
				IPHONEOS_DEPLOYMENT_TARGET = 9.2;
				MTL_ENABLE_DEBUG_INFO = YES;
				ONLY_ACTIVE_ARCH = YES;
				SDKROOT = iphoneos;
			};
			name = Debug;
		};
		FF7A9D481C64785B006743BA /* Release */ = {
			isa = XCBuildConfiguration;
			buildSettings = {
				ALWAYS_SEARCH_USER_PATHS = NO;
				CLANG_CXX_LANGUAGE_STANDARD = "gnu++0x";
				CLANG_CXX_LIBRARY = "libc++";
				CLANG_ENABLE_MODULES = YES;
				CLANG_ENABLE_OBJC_ARC = YES;
				CLANG_WARN_BOOL_CONVERSION = YES;
				CLANG_WARN_CONSTANT_CONVERSION = YES;
				CLANG_WARN_DIRECT_OBJC_ISA_USAGE = YES_ERROR;
				CLANG_WARN_EMPTY_BODY = YES;
				CLANG_WARN_ENUM_CONVERSION = YES;
				CLANG_WARN_INT_CONVERSION = YES;
				CLANG_WARN_OBJC_ROOT_CLASS = YES_ERROR;
				CLANG_WARN_UNREACHABLE_CODE = YES;
				CLANG_WARN__DUPLICATE_METHOD_MATCH = YES;
				"CODE_SIGN_IDENTITY[sdk=iphoneos*]" = "iPhone Developer";
				COPY_PHASE_STRIP = NO;
				DEBUG_INFORMATION_FORMAT = "dwarf-with-dsym";
				ENABLE_NS_ASSERTIONS = NO;
				ENABLE_STRICT_OBJC_MSGSEND = YES;
				GCC_C_LANGUAGE_STANDARD = gnu99;
				GCC_NO_COMMON_BLOCKS = YES;
				GCC_WARN_64_TO_32_BIT_CONVERSION = YES;
				GCC_WARN_ABOUT_RETURN_TYPE = YES_ERROR;
				GCC_WARN_UNDECLARED_SELECTOR = YES;
				GCC_WARN_UNINITIALIZED_AUTOS = YES_AGGRESSIVE;
				GCC_WARN_UNUSED_FUNCTION = YES;
				GCC_WARN_UNUSED_VARIABLE = YES;
				IPHONEOS_DEPLOYMENT_TARGET = 9.2;
				MTL_ENABLE_DEBUG_INFO = NO;
				SDKROOT = iphoneos;
				VALIDATE_PRODUCT = YES;
			};
			name = Release;
		};
		FF7A9D4A1C64785B006743BA /* Debug */ = {
			isa = XCBuildConfiguration;
			baseConfigurationReference = FE53985D3C89C7C12EF8FDFF /* Pods-RCTMqtt.debug.xcconfig */;
			buildSettings = {
				HEADER_SEARCH_PATHS = (
					"$(inherited)",
					"\"${PODS_ROOT}/Headers/Public\"",
					"\"${PODS_ROOT}/Headers/Public/CocoaLumberjack\"",
					"\"${PODS_ROOT}/Headers/Public/MQTTClient\"",
					"\"${PODS_ROOT}/Headers/Public/SocketRocket\"",
					"$(SRCROOT)/../../../react-native/React/**",
				);
				OTHER_LDFLAGS = (
					"-ObjC",
					"$(inherited)",
				);
				PRODUCT_NAME = "$(TARGET_NAME)";
				SKIP_INSTALL = YES;
			};
			name = Debug;
		};
		FF7A9D4B1C64785B006743BA /* Release */ = {
			isa = XCBuildConfiguration;
			baseConfigurationReference = 3F3DBF0B9527146497FF27E3 /* Pods-RCTMqtt.release.xcconfig */;
			buildSettings = {
				HEADER_SEARCH_PATHS = (
					"$(inherited)",
					"\"${PODS_ROOT}/Headers/Public\"",
					"\"${PODS_ROOT}/Headers/Public/CocoaLumberjack\"",
					"\"${PODS_ROOT}/Headers/Public/MQTTClient\"",
					"\"${PODS_ROOT}/Headers/Public/SocketRocket\"",
					"$(SRCROOT)/../../../react-native/React/**",
				);
				OTHER_LDFLAGS = (
					"-ObjC",
					"$(inherited)",
				);
				PRODUCT_NAME = "$(TARGET_NAME)";
				SKIP_INSTALL = YES;
			};
			name = Release;
		};
/* End XCBuildConfiguration section */

/* Begin XCConfigurationList section */
		FF7A9D3B1C64785B006743BA /* Build configuration list for PBXProject "RCTMqtt" */ = {
			isa = XCConfigurationList;
			buildConfigurations = (
				FF7A9D471C64785B006743BA /* Debug */,
				FF7A9D481C64785B006743BA /* Release */,
			);
			defaultConfigurationIsVisible = 0;
			defaultConfigurationName = Release;
		};
		FF7A9D491C64785B006743BA /* Build configuration list for PBXNativeTarget "RCTMqtt" */ = {
			isa = XCConfigurationList;
			buildConfigurations = (
				FF7A9D4A1C64785B006743BA /* Debug */,
				FF7A9D4B1C64785B006743BA /* Release */,
			);
			defaultConfigurationIsVisible = 0;
			defaultConfigurationName = Release;
		};
/* End XCConfigurationList section */
	};
	rootObject = FF7A9D381C64785B006743BA /* Project object */;
}
